dependencies:
- name: postgresql
  repository: https://charts.bitnami.com/bitnami
  version: 12.0.1
- name: ingress-nginx
  repository: https://kubernetes.github.io/ingress-nginx
  version: 4.13.0
digest: sha256:4e5939648035e05477b8ee075198ca4d7700743d22f5fe1a85bf96e75e503a5d
generated: "2025-07-20T19:11:28.0060398+02:00"
